
Microsoft Visual Studio Solution File, Format Version 12.00
Project("{FAE04EC0-301F-11D3-BF4B-00C04F79EFBC}") = "CelesteTestMod", "CelesteTestMod\CelesteTestMod.csproj", "{2C42A468-F928-4073-AC14-1D6DF65C7124}"
EndProject
Global
	GlobalSection(SolutionConfigurationPlatforms) = preSolution
		Debug|Any CPU = Debug|Any CPU
		Release|Any CPU = Release|Any CPU
	EndGlobalSection
	GlobalSection(ProjectConfigurationPlatforms) = postSolution
		{2C42A468-F928-4073-AC14-1D6DF65C7124}.Debug|Any CPU.ActiveCfg = Debug|Any CPU
		{2C42A468-F928-4073-AC14-1D6DF65C7124}.Debug|Any CPU.Build.0 = Debug|Any CPU
		{2C42A468-F928-4073-AC14-1D6DF65C7124}.Release|Any CPU.ActiveCfg = Release|Any CPU
		{2C42A468-F928-4073-AC14-1D6DF65C7124}.Release|Any CPU.Build.0 = Release|Any CPU
	EndGlobalSection
EndGlobal
